
Microsoft Visual Studio Solution File, Format Version 12.00
# Visual Studio Version 17
VisualStudioVersion = 17.9.34728.123
MinimumVisualStudioVersion = 10.0.40219.1
Project("{FAE04EC0-301F-11D3-BF4B-00C04F79EFBC}") = "Microondas-Digital", "Microondas-Digital.csproj", "{70474923-2387-4D29-8B4F-1442858315FA}"
EndProject
Global
	GlobalSection(SolutionConfigurationPlatforms) = preSolution
		Debug|Any CPU = Debug|Any CPU
		Release|Any CPU = Release|Any CPU
	EndGlobalSection
	GlobalSection(ProjectConfigurationPlatforms) = postSolution
		{70474923-2387-4D29-8B4F-1442858315FA}.Debug|Any CPU.ActiveCfg = Debug|Any CPU
		{70474923-2387-4D29-8B4F-1442858315FA}.Debug|Any CPU.Build.0 = Debug|Any CPU
		{70474923-2387-4D29-8B4F-1442858315FA}.Release|Any CPU.ActiveCfg = Release|Any CPU
		{70474923-2387-4D29-8B4F-1442858315FA}.Release|Any CPU.Build.0 = Release|Any CPU
	EndGlobalSection
	GlobalSection(SolutionProperties) = preSolution
		HideSolutionNode = FALSE
	EndGlobalSection
	GlobalSection(ExtensibilityGlobals) = postSolution
		SolutionGuid = {CED66751-351A-467F-B700-F0B95F2AA35E}
	EndGlobalSection
EndGlobal
